
Microsoft Visual Studio Solution File, Format Version 12.00
# Visual Studio Version 16
VisualStudioVersion = 16.0.31313.79
MinimumVisualStudioVersion = 10.0.40219.1
Project("{FAE04EC0-301F-11D3-BF4B-00C04F79EFBC}") = "ConsoleApp1", "ConsoleApp1\ConsoleApp1.csproj", "{BCFF9BCF-45A8-4504-8619-E549428A9463}"
EndProject
Project("{FAE04EC0-301F-11D3-BF4B-00C04F79EFBC}") = "MiniTools", "MiniTools\MiniTools.csproj", "{9D918D3B-B912-4BC6-B5A9-90ADA8DDD410}"
EndProject
Global
	GlobalSection(SolutionConfigurationPlatforms) = preSolution
		Debug|Any CPU = Debug|Any CPU
		Release|Any CPU = Release|Any CPU
	EndGlobalSection
	GlobalSection(ProjectConfigurationPlatforms) = postSolution
		{BCFF9BCF-45A8-4504-8619-E549428A9463}.Debug|Any CPU.ActiveCfg = Debug|Any CPU
		{BCFF9BCF-45A8-4504-8619-E549428A9463}.Debug|Any CPU.Build.0 = Debug|Any CPU
		{BCFF9BCF-45A8-4504-8619-E549428A9463}.Release|Any CPU.ActiveCfg = Release|Any CPU
		{BCFF9BCF-45A8-4504-8619-E549428A9463}.Release|Any CPU.Build.0 = Release|Any CPU
		{9D918D3B-B912-4BC6-B5A9-90ADA8DDD410}.Debug|Any CPU.ActiveCfg = Debug|Any CPU
		{9D918D3B-B912-4BC6-B5A9-90ADA8DDD410}.Debug|Any CPU.Build.0 = Debug|Any CPU
		{9D918D3B-B912-4BC6-B5A9-90ADA8DDD410}.Release|Any CPU.ActiveCfg = Release|Any CPU
		{9D918D3B-B912-4BC6-B5A9-90ADA8DDD410}.Release|Any CPU.Build.0 = Release|Any CPU
	EndGlobalSection
	GlobalSection(SolutionProperties) = preSolution
		HideSolutionNode = FALSE
	EndGlobalSection
	GlobalSection(ExtensibilityGlobals) = postSolution
		SolutionGuid = {3D765AED-D9AB-4B53-8595-92A8AE37C903}
	EndGlobalSection
EndGlobal
